
Microsoft Visual Studio Solution File, Format Version 12.00
# Visual Studio Version 17
VisualStudioVersion = 17.8.34330.188
MinimumVisualStudioVersion = 10.0.40219.1
Project("{FAE04EC0-301F-11D3-BF4B-00C04F79EFBC}") = "ConsumeAPI", "ConsumeAPI.csproj", "{9B4BCB2B-3A3E-4223-97FD-3EE048B02771}"
EndProject
Global
	GlobalSection(SolutionConfigurationPlatforms) = preSolution
		Debug|Any CPU = Debug|Any CPU
		Release|Any CPU = Release|Any CPU
	EndGlobalSection
	GlobalSection(ProjectConfigurationPlatforms) = postSolution
		{9B4BCB2B-3A3E-4223-97FD-3EE048B02771}.Debug|Any CPU.ActiveCfg = Debug|Any CPU
		{9B4BCB2B-3A3E-4223-97FD-3EE048B02771}.Debug|Any CPU.Build.0 = Debug|Any CPU
		{9B4BCB2B-3A3E-4223-97FD-3EE048B02771}.Release|Any CPU.ActiveCfg = Release|Any CPU
		{9B4BCB2B-3A3E-4223-97FD-3EE048B02771}.Release|Any CPU.Build.0 = Release|Any CPU
	EndGlobalSection
	GlobalSection(SolutionProperties) = preSolution
		HideSolutionNode = FALSE
	EndGlobalSection
	GlobalSection(ExtensibilityGlobals) = postSolution
		SolutionGuid = {8AD10AA6-ADD3-45CC-86B3-0D72945A8B1B}
	EndGlobalSection
EndGlobal
